{
  "nodes": {
    "home-manager": {
      "inputs": {
        "nixpkgs": [
          "nixpkgs"
        ]
      },
      "locked": {
        "lastModified": 1636274622,
        "narHash": "sha256-tZYuGhqcfH7piCsrUrIYM0P3oPJcoBxGkuxeFNVxkCc=",
        "owner": "rycee",
        "repo": "home-manager",
        "rev": "2917ef23b398a22ee33fb34b5766b28728228ab1",
        "type": "github"
      },
      "original": {
        "owner": "rycee",
        "ref": "master",
        "repo": "home-manager",
        "type": "github"
      }
    },
    "nixos-hardware": {
      "locked": {
        "lastModified": 1636317251,
        "narHash": "sha256-u1cWvvtGH5mfGkeIKrqw2usk4IL7wDiRcnJkUSiZq3Q=",
        "owner": "nixos",
        "repo": "nixos-hardware",
        "rev": "fd6f34afcf062761fb5035230f6297752bfedcba",
        "type": "github"
      },
      "original": {
        "owner": "nixos",
        "repo": "nixos-hardware",
        "type": "github"
      }
    },
    "nixpkgs-unstable": {
      "locked": {
        "lastModified": 1636409124,
        "narHash": "sha256-mX687Iy8SVhhdo16Sdqt0irrEgBjL54viPmOZBZJubQ=",
        "owner": "NixOS",
        "repo": "nixpkgs",
        "rev": "d14ae62671fd4eaec57427da1e50f91d6a5f9605",
        "type": "github"
      },
      "original": {
        "id": "nixpkgs",
        "ref": "nixpkgs-unstable",
        "type": "indirect"
      }
    },
    "root": {
      "inputs": {
        "home-manager": "home-manager",
        "nixos-hardware": "nixos-hardware",
        "nixpkgs": [
          "nixpkgs-unstable"
        ],
        "nixpkgs-unstable": "nixpkgs-unstable"
      }
    }
  },
  "root": "root",
  "version": 7
}
