{
  "nodes": {
    "emacs": {
      "locked": {
        "lastModified": 1634005327,
        "narHash": "sha256-rnZkvYsShBVK3Zou87058L3pOG73GEImwFWPyhDQGVU=",
        "owner": "nix-community",
        "repo": "emacs-overlay",
        "rev": "852b2d9978065cee2bd2110faf1166f79518215c",
        "type": "github"
      },
      "original": {
        "owner": "nix-community",
        "repo": "emacs-overlay",
        "type": "github"
      }
    },
    "home-manager": {
      "inputs": {
        "nixpkgs": [
          "nixpkgs"
        ]
      },
      "locked": {
        "lastModified": 1633060185,
        "narHash": "sha256-VEVXt9g8+NTlL5/auCjF+zozp5WdXaDhunKPA+Whedg=",
        "owner": "rycee",
        "repo": "home-manager",
        "rev": "66d9dbfa36f59748e06bb30cd98b3f4ad76cd482",
        "type": "github"
      },
      "original": {
        "owner": "rycee",
        "ref": "master",
        "repo": "home-manager",
        "type": "github"
      }
    },
    "nixpkgs": {
      "locked": {
        "lastModified": 1633791597,
        "narHash": "sha256-HzpxqTEnqsjkKWfW87kSI3WVizYjUMQeUjSIm3b5I0Y=",
        "owner": "NixOS",
        "repo": "nixpkgs",
        "rev": "9bf75dd50b7b6d3ce6aaf6563db95f41438b9bdb",
        "type": "github"
      },
      "original": {
        "id": "nixpkgs",
        "ref": "nixos-unstable",
        "type": "indirect"
      }
    },
    "root": {
      "inputs": {
        "emacs": "emacs",
        "home-manager": "home-manager",
        "nixpkgs": "nixpkgs"
      }
    }
  },
  "root": "root",
  "version": 7
}
