{
  "nodes": {
    "emacs": {
      "locked": {
        "lastModified": 1631957157,
        "narHash": "sha256-frfIJjSZnknE99++74PvmtugwfKrwrnYXwPnKZe//hI=",
        "owner": "nix-community",
        "repo": "emacs-overlay",
        "rev": "4581d299be409e326a661bb2c4fdd9842e87b94a",
        "type": "github"
      },
      "original": {
        "owner": "nix-community",
        "repo": "emacs-overlay",
        "type": "github"
      }
    },
    "home-manager": {
      "inputs": {
        "nixpkgs": [
          "nixpkgs"
        ]
      },
      "locked": {
        "lastModified": 1631740142,
        "narHash": "sha256-FnwtaJ+fZw2QzsCqGJW4kJd9hXiPxPgfi+9dwratk28=",
        "owner": "rycee",
        "repo": "home-manager",
        "rev": "371576cdc2580ba93a38e28da8ece2129f558815",
        "type": "github"
      },
      "original": {
        "owner": "rycee",
        "ref": "master",
        "repo": "home-manager",
        "type": "github"
      }
    },
    "nixpkgs": {
      "locked": {
        "lastModified": 1631785487,
        "narHash": "sha256-VSKEvOtaY/roDxEHFxXh6GguOqqWCJZ3E06fBdKu8+I=",
        "owner": "NixOS",
        "repo": "nixpkgs",
        "rev": "79c444b5bdeaba142d128afddee14c89ecf2a968",
        "type": "github"
      },
      "original": {
        "id": "nixpkgs",
        "ref": "nixos-unstable",
        "type": "indirect"
      }
    },
    "root": {
      "inputs": {
        "emacs": "emacs",
        "home-manager": "home-manager",
        "nixpkgs": "nixpkgs"
      }
    }
  },
  "root": "root",
  "version": 7
}
